
Microsoft Visual Studio Solution File, Format Version 12.00
# Visual Studio Version 17
VisualStudioVersion = 17.0.31903.59
MinimumVisualStudioVersion = 10.0.40219.1
Project("{2150E333-8FDC-42A3-9474-1A3956D46DE8}") = "UI", "UI", "{FA674B5A-3394-926C-2B1E-70E5B00E4A5C}"
EndProject
Project("{FAE04EC0-301F-11D3-BF4B-00C04F79EFBC}") = "AVS.Contacts.Mobile", "src\AVS.Contacts.Mobile\AVS.Contacts.Mobile.csproj", "{D298CF70-C4B4-4C07-8EBB-0C05EF0040FF}"
EndProject
Project("{2150E333-8FDC-42A3-9474-1A3956D46DE8}") = "Domain", "Domain", "{996CEBED-A05B-5D42-3FF0-982E087A2599}"
EndProject
Project("{FAE04EC0-301F-11D3-BF4B-00C04F79EFBC}") = "AVS.Contacts.Domain", "src\AVS.Contacts.Domain\AVS.Contacts.Domain.csproj", "{ED100C39-21C1-4201-890F-4E185A7CACC7}"
EndProject
Project("{2150E333-8FDC-42A3-9474-1A3956D46DE8}") = "Application", "Application", "{A74F262E-BDE7-D5D2-89E9-785413424D0A}"
EndProject
Project("{FAE04EC0-301F-11D3-BF4B-00C04F79EFBC}") = "AVS.Contacts.Application", "src\AVS.Contacts.Application\AVS.Contacts.Application.csproj", "{F99E408E-9C1A-4F46-B3EE-68B3FB24877B}"
EndProject
Project("{2150E333-8FDC-42A3-9474-1A3956D46DE8}") = "Infrastructure", "Infrastructure", "{DFEE68D8-A7D0-1A41-506C-9B74AA9A7B7B}"
EndProject
Project("{FAE04EC0-301F-11D3-BF4B-00C04F79EFBC}") = "AVS.Contacts.Infrastructure", "src\AVS.Contacts.Infrastructure\AVS.Contacts.Infrastructure.csproj", "{2B2D41AB-AF5B-4550-9EA2-27E7E2E05884}"
EndProject
Project("{FAE04EC0-301F-11D3-BF4B-00C04F79EFBC}") = "AVS.Contacts.ACL", "src\AVS.Contacts.ACL\AVS.Contacts.ACL.csproj", "{240CB2B2-97EE-42BA-AC95-FCC777445648}"
EndProject
Project("{2150E333-8FDC-42A3-9474-1A3956D46DE8}") = "Contracts", "Contracts", "{A73F2606-6D4C-3EEE-1759-0E59DCFEF523}"
EndProject
Project("{FAE04EC0-301F-11D3-BF4B-00C04F79EFBC}") = "AVS.Contacts.Contracts", "src\AVS.Contacts.Contracts\AVS.Contacts.Contracts.csproj", "{3ECFCB42-2185-4FE4-8321-5035DA8E00FF}"
EndProject
Project("{2150E333-8FDC-42A3-9474-1A3956D46DE8}") = "Tests", "Tests", "{0AB3BF05-4346-4AA6-1389-037BE0695223}"
EndProject
Project("{FAE04EC0-301F-11D3-BF4B-00C04F79EFBC}") = "AVS.Contacts.Tests.Unit", "tests\AVS.Contacts.Tests.Unit\AVS.Contacts.Tests.Unit.csproj", "{5DBCB830-1105-4A8B-9D6C-7DB101E3950A}"
EndProject
Project("{FAE04EC0-301F-11D3-BF4B-00C04F79EFBC}") = "AVS.Contacts.Tests.Integration", "tests\AVS.Contacts.Tests.Integration\AVS.Contacts.Tests.Integration.csproj", "{487793CB-4857-4D59-8A61-CE8F2DF03391}"
EndProject
Project("{FAE04EC0-301F-11D3-BF4B-00C04F79EFBC}") = "AVS.Contacts.Tests.System", "tests\AVS.Contacts.Tests.System\AVS.Contacts.Tests.System.csproj", "{9F04E9C6-284F-487C-9907-770FF8F52248}"
EndProject
Global
	GlobalSection(SolutionConfigurationPlatforms) = preSolution
		Debug|Any CPU = Debug|Any CPU
		Debug|x64 = Debug|x64
		Debug|x86 = Debug|x86
		Release|Any CPU = Release|Any CPU
		Release|x64 = Release|x64
		Release|x86 = Release|x86
	EndGlobalSection
	GlobalSection(ProjectConfigurationPlatforms) = postSolution
		{D298CF70-C4B4-4C07-8EBB-0C05EF0040FF}.Debug|Any CPU.ActiveCfg = Debug|Any CPU
		{D298CF70-C4B4-4C07-8EBB-0C05EF0040FF}.Debug|Any CPU.Build.0 = Debug|Any CPU
		{D298CF70-C4B4-4C07-8EBB-0C05EF0040FF}.Debug|x64.ActiveCfg = Debug|Any CPU
		{D298CF70-C4B4-4C07-8EBB-0C05EF0040FF}.Debug|x64.Build.0 = Debug|Any CPU
		{D298CF70-C4B4-4C07-8EBB-0C05EF0040FF}.Debug|x86.ActiveCfg = Debug|Any CPU
		{D298CF70-C4B4-4C07-8EBB-0C05EF0040FF}.Debug|x86.Build.0 = Debug|Any CPU
		{D298CF70-C4B4-4C07-8EBB-0C05EF0040FF}.Release|Any CPU.ActiveCfg = Release|Any CPU
		{D298CF70-C4B4-4C07-8EBB-0C05EF0040FF}.Release|Any CPU.Build.0 = Release|Any CPU
		{D298CF70-C4B4-4C07-8EBB-0C05EF0040FF}.Release|x64.ActiveCfg = Release|Any CPU
		{D298CF70-C4B4-4C07-8EBB-0C05EF0040FF}.Release|x64.Build.0 = Release|Any CPU
		{D298CF70-C4B4-4C07-8EBB-0C05EF0040FF}.Release|x86.ActiveCfg = Release|Any CPU
		{D298CF70-C4B4-4C07-8EBB-0C05EF0040FF}.Release|x86.Build.0 = Release|Any CPU
		{ED100C39-21C1-4201-890F-4E185A7CACC7}.Debug|Any CPU.ActiveCfg = Debug|Any CPU
		{ED100C39-21C1-4201-890F-4E185A7CACC7}.Debug|Any CPU.Build.0 = Debug|Any CPU
		{ED100C39-21C1-4201-890F-4E185A7CACC7}.Debug|x64.ActiveCfg = Debug|Any CPU
		{ED100C39-21C1-4201-890F-4E185A7CACC7}.Debug|x64.Build.0 = Debug|Any CPU
		{ED100C39-21C1-4201-890F-4E185A7CACC7}.Debug|x86.ActiveCfg = Debug|Any CPU
		{ED100C39-21C1-4201-890F-4E185A7CACC7}.Debug|x86.Build.0 = Debug|Any CPU
		{ED100C39-21C1-4201-890F-4E185A7CACC7}.Release|Any CPU.ActiveCfg = Release|Any CPU
		{ED100C39-21C1-4201-890F-4E185A7CACC7}.Release|Any CPU.Build.0 = Release|Any CPU
		{ED100C39-21C1-4201-890F-4E185A7CACC7}.Release|x64.ActiveCfg = Release|Any CPU
		{ED100C39-21C1-4201-890F-4E185A7CACC7}.Release|x64.Build.0 = Release|Any CPU
		{ED100C39-21C1-4201-890F-4E185A7CACC7}.Release|x86.ActiveCfg = Release|Any CPU
		{ED100C39-21C1-4201-890F-4E185A7CACC7}.Release|x86.Build.0 = Release|Any CPU
		{F99E408E-9C1A-4F46-B3EE-68B3FB24877B}.Debug|Any CPU.ActiveCfg = Debug|Any CPU
		{F99E408E-9C1A-4F46-B3EE-68B3FB24877B}.Debug|Any CPU.Build.0 = Debug|Any CPU
		{F99E408E-9C1A-4F46-B3EE-68B3FB24877B}.Debug|x64.ActiveCfg = Debug|Any CPU
		{F99E408E-9C1A-4F46-B3EE-68B3FB24877B}.Debug|x64.Build.0 = Debug|Any CPU
		{F99E408E-9C1A-4F46-B3EE-68B3FB24877B}.Debug|x86.ActiveCfg = Debug|Any CPU
		{F99E408E-9C1A-4F46-B3EE-68B3FB24877B}.Debug|x86.Build.0 = Debug|Any CPU
		{F99E408E-9C1A-4F46-B3EE-68B3FB24877B}.Release|Any CPU.ActiveCfg = Release|Any CPU
		{F99E408E-9C1A-4F46-B3EE-68B3FB24877B}.Release|Any CPU.Build.0 = Release|Any CPU
		{F99E408E-9C1A-4F46-B3EE-68B3FB24877B}.Release|x64.ActiveCfg = Release|Any CPU
		{F99E408E-9C1A-4F46-B3EE-68B3FB24877B}.Release|x64.Build.0 = Release|Any CPU
		{F99E408E-9C1A-4F46-B3EE-68B3FB24877B}.Release|x86.ActiveCfg = Release|Any CPU
		{F99E408E-9C1A-4F46-B3EE-68B3FB24877B}.Release|x86.Build.0 = Release|Any CPU
		{2B2D41AB-AF5B-4550-9EA2-27E7E2E05884}.Debug|Any CPU.ActiveCfg = Debug|Any CPU
		{2B2D41AB-AF5B-4550-9EA2-27E7E2E05884}.Debug|Any CPU.Build.0 = Debug|Any CPU
		{2B2D41AB-AF5B-4550-9EA2-27E7E2E05884}.Debug|x64.ActiveCfg = Debug|Any CPU
		{2B2D41AB-AF5B-4550-9EA2-27E7E2E05884}.Debug|x64.Build.0 = Debug|Any CPU
		{2B2D41AB-AF5B-4550-9EA2-27E7E2E05884}.Debug|x86.ActiveCfg = Debug|Any CPU
		{2B2D41AB-AF5B-4550-9EA2-27E7E2E05884}.Debug|x86.Build.0 = Debug|Any CPU
		{2B2D41AB-AF5B-4550-9EA2-27E7E2E05884}.Release|Any CPU.ActiveCfg = Release|Any CPU
		{2B2D41AB-AF5B-4550-9EA2-27E7E2E05884}.Release|Any CPU.Build.0 = Release|Any CPU
		{2B2D41AB-AF5B-4550-9EA2-27E7E2E05884}.Release|x64.ActiveCfg = Release|Any CPU
		{2B2D41AB-AF5B-4550-9EA2-27E7E2E05884}.Release|x64.Build.0 = Release|Any CPU
		{2B2D41AB-AF5B-4550-9EA2-27E7E2E05884}.Release|x86.ActiveCfg = Release|Any CPU
		{2B2D41AB-AF5B-4550-9EA2-27E7E2E05884}.Release|x86.Build.0 = Release|Any CPU
		{240CB2B2-97EE-42BA-AC95-FCC777445648}.Debug|Any CPU.ActiveCfg = Debug|Any CPU
		{240CB2B2-97EE-42BA-AC95-FCC777445648}.Debug|Any CPU.Build.0 = Debug|Any CPU
		{240CB2B2-97EE-42BA-AC95-FCC777445648}.Debug|x64.ActiveCfg = Debug|Any CPU
		{240CB2B2-97EE-42BA-AC95-FCC777445648}.Debug|x64.Build.0 = Debug|Any CPU
		{240CB2B2-97EE-42BA-AC95-FCC777445648}.Debug|x86.ActiveCfg = Debug|Any CPU
		{240CB2B2-97EE-42BA-AC95-FCC777445648}.Debug|x86.Build.0 = Debug|Any CPU
		{240CB2B2-97EE-42BA-AC95-FCC777445648}.Release|Any CPU.ActiveCfg = Release|Any CPU
		{240CB2B2-97EE-42BA-AC95-FCC777445648}.Release|Any CPU.Build.0 = Release|Any CPU
		{240CB2B2-97EE-42BA-AC95-FCC777445648}.Release|x64.ActiveCfg = Release|Any CPU
		{240CB2B2-97EE-42BA-AC95-FCC777445648}.Release|x64.Build.0 = Release|Any CPU
		{240CB2B2-97EE-42BA-AC95-FCC777445648}.Release|x86.ActiveCfg = Release|Any CPU
		{240CB2B2-97EE-42BA-AC95-FCC777445648}.Release|x86.Build.0 = Release|Any CPU
		{3ECFCB42-2185-4FE4-8321-5035DA8E00FF}.Debug|Any CPU.ActiveCfg = Debug|Any CPU
		{3ECFCB42-2185-4FE4-8321-5035DA8E00FF}.Debug|Any CPU.Build.0 = Debug|Any CPU
		{3ECFCB42-2185-4FE4-8321-5035DA8E00FF}.Debug|x64.ActiveCfg = Debug|Any CPU
		{3ECFCB42-2185-4FE4-8321-5035DA8E00FF}.Debug|x64.Build.0 = Debug|Any CPU
		{3ECFCB42-2185-4FE4-8321-5035DA8E00FF}.Debug|x86.ActiveCfg = Debug|Any CPU
		{3ECFCB42-2185-4FE4-8321-5035DA8E00FF}.Debug|x86.Build.0 = Debug|Any CPU
		{3ECFCB42-2185-4FE4-8321-5035DA8E00FF}.Release|Any CPU.ActiveCfg = Release|Any CPU
		{3ECFCB42-2185-4FE4-8321-5035DA8E00FF}.Release|Any CPU.Build.0 = Release|Any CPU
		{3ECFCB42-2185-4FE4-8321-5035DA8E00FF}.Release|x64.ActiveCfg = Release|Any CPU
		{3ECFCB42-2185-4FE4-8321-5035DA8E00FF}.Release|x64.Build.0 = Release|Any CPU
		{3ECFCB42-2185-4FE4-8321-5035DA8E00FF}.Release|x86.ActiveCfg = Release|Any CPU
		{3ECFCB42-2185-4FE4-8321-5035DA8E00FF}.Release|x86.Build.0 = Release|Any CPU
		{5DBCB830-1105-4A8B-9D6C-7DB101E3950A}.Debug|Any CPU.ActiveCfg = Debug|Any CPU
		{5DBCB830-1105-4A8B-9D6C-7DB101E3950A}.Debug|Any CPU.Build.0 = Debug|Any CPU
		{5DBCB830-1105-4A8B-9D6C-7DB101E3950A}.Debug|x64.ActiveCfg = Debug|Any CPU
		{5DBCB830-1105-4A8B-9D6C-7DB101E3950A}.Debug|x64.Build.0 = Debug|Any CPU
		{5DBCB830-1105-4A8B-9D6C-7DB101E3950A}.Debug|x86.ActiveCfg = Debug|Any CPU
		{5DBCB830-1105-4A8B-9D6C-7DB101E3950A}.Debug|x86.Build.0 = Debug|Any CPU
		{5DBCB830-1105-4A8B-9D6C-7DB101E3950A}.Release|Any CPU.ActiveCfg = Release|Any CPU
		{5DBCB830-1105-4A8B-9D6C-7DB101E3950A}.Release|Any CPU.Build.0 = Release|Any CPU
		{5DBCB830-1105-4A8B-9D6C-7DB101E3950A}.Release|x64.ActiveCfg = Release|Any CPU
		{5DBCB830-1105-4A8B-9D6C-7DB101E3950A}.Release|x64.Build.0 = Release|Any CPU
		{5DBCB830-1105-4A8B-9D6C-7DB101E3950A}.Release|x86.ActiveCfg = Release|Any CPU
		{5DBCB830-1105-4A8B-9D6C-7DB101E3950A}.Release|x86.Build.0 = Release|Any CPU
		{487793CB-4857-4D59-8A61-CE8F2DF03391}.Debug|Any CPU.ActiveCfg = Debug|Any CPU
		{487793CB-4857-4D59-8A61-CE8F2DF03391}.Debug|Any CPU.Build.0 = Debug|Any CPU
		{487793CB-4857-4D59-8A61-CE8F2DF03391}.Debug|x64.ActiveCfg = Debug|Any CPU
		{487793CB-4857-4D59-8A61-CE8F2DF03391}.Debug|x64.Build.0 = Debug|Any CPU
		{487793CB-4857-4D59-8A61-CE8F2DF03391}.Debug|x86.ActiveCfg = Debug|Any CPU
		{487793CB-4857-4D59-8A61-CE8F2DF03391}.Debug|x86.Build.0 = Debug|Any CPU
		{487793CB-4857-4D59-8A61-CE8F2DF03391}.Release|Any CPU.ActiveCfg = Release|Any CPU
		{487793CB-4857-4D59-8A61-CE8F2DF03391}.Release|Any CPU.Build.0 = Release|Any CPU
		{487793CB-4857-4D59-8A61-CE8F2DF03391}.Release|x64.ActiveCfg = Release|Any CPU
		{487793CB-4857-4D59-8A61-CE8F2DF03391}.Release|x64.Build.0 = Release|Any CPU
		{487793CB-4857-4D59-8A61-CE8F2DF03391}.Release|x86.ActiveCfg = Release|Any CPU
		{487793CB-4857-4D59-8A61-CE8F2DF03391}.Release|x86.Build.0 = Release|Any CPU
		{9F04E9C6-284F-487C-9907-770FF8F52248}.Debug|Any CPU.ActiveCfg = Debug|Any CPU
		{9F04E9C6-284F-487C-9907-770FF8F52248}.Debug|Any CPU.Build.0 = Debug|Any CPU
		{9F04E9C6-284F-487C-9907-770FF8F52248}.Debug|x64.ActiveCfg = Debug|Any CPU
		{9F04E9C6-284F-487C-9907-770FF8F52248}.Debug|x64.Build.0 = Debug|Any CPU
		{9F04E9C6-284F-487C-9907-770FF8F52248}.Debug|x86.ActiveCfg = Debug|Any CPU
		{9F04E9C6-284F-487C-9907-770FF8F52248}.Debug|x86.Build.0 = Debug|Any CPU
		{9F04E9C6-284F-487C-9907-770FF8F52248}.Release|Any CPU.ActiveCfg = Release|Any CPU
		{9F04E9C6-284F-487C-9907-770FF8F52248}.Release|Any CPU.Build.0 = Release|Any CPU
		{9F04E9C6-284F-487C-9907-770FF8F52248}.Release|x64.ActiveCfg = Release|Any CPU
		{9F04E9C6-284F-487C-9907-770FF8F52248}.Release|x64.Build.0 = Release|Any CPU
		{9F04E9C6-284F-487C-9907-770FF8F52248}.Release|x86.ActiveCfg = Release|Any CPU
		{9F04E9C6-284F-487C-9907-770FF8F52248}.Release|x86.Build.0 = Release|Any CPU
	EndGlobalSection
	GlobalSection(SolutionProperties) = preSolution
		HideSolutionNode = FALSE
	EndGlobalSection
	GlobalSection(NestedProjects) = preSolution
		{D298CF70-C4B4-4C07-8EBB-0C05EF0040FF} = {FA674B5A-3394-926C-2B1E-70E5B00E4A5C}
		{ED100C39-21C1-4201-890F-4E185A7CACC7} = {996CEBED-A05B-5D42-3FF0-982E087A2599}
		{F99E408E-9C1A-4F46-B3EE-68B3FB24877B} = {A74F262E-BDE7-D5D2-89E9-785413424D0A}
		{2B2D41AB-AF5B-4550-9EA2-27E7E2E05884} = {DFEE68D8-A7D0-1A41-506C-9B74AA9A7B7B}
		{240CB2B2-97EE-42BA-AC95-FCC777445648} = {DFEE68D8-A7D0-1A41-506C-9B74AA9A7B7B}
		{3ECFCB42-2185-4FE4-8321-5035DA8E00FF} = {A73F2606-6D4C-3EEE-1759-0E59DCFEF523}
		{5DBCB830-1105-4A8B-9D6C-7DB101E3950A} = {0AB3BF05-4346-4AA6-1389-037BE0695223}
		{487793CB-4857-4D59-8A61-CE8F2DF03391} = {0AB3BF05-4346-4AA6-1389-037BE0695223}
		{9F04E9C6-284F-487C-9907-770FF8F52248} = {0AB3BF05-4346-4AA6-1389-037BE0695223}
	EndGlobalSection
EndGlobal
